// !$*UTF8*$!
{
	archiveVersion = 1;
	classes = {
	};
	objectVersion = 50;
	objects = {

/* Begin PBXBuildFile section */
		B4811D4C25FFA135009FC0CD /* DostigatorApp.swift in Sources */ = {isa = PBXBuildFile; fileRef = B4811D4B25FFA135009FC0CD /* DostigatorApp.swift */; };
		B4811D4E25FFA135009FC0CD /* ContentView.swift in Sources */ = {isa = PBXBuildFile; fileRef = B4811D4D25FFA135009FC0CD /* ContentView.swift */; };
		B4811D5025FFA138009FC0CD /* Assets.xcassets in Resources */ = {isa = PBXBuildFile; fileRef = B4811D4F25FFA138009FC0CD /* Assets.xcassets */; };
		B4811D5325FFA139009FC0CD /* Preview Assets.xcassets in Resources */ = {isa = PBXBuildFile; fileRef = B4811D5225FFA139009FC0CD /* Preview Assets.xcassets */; };
		B4811D5525FFA139009FC0CD /* Persistence.swift in Sources */ = {isa = PBXBuildFile; fileRef = B4811D5425FFA139009FC0CD /* Persistence.swift */; };
		B4811D5825FFA139009FC0CD /* Dostigator.xcdatamodeld in Sources */ = {isa = PBXBuildFile; fileRef = B4811D5625FFA139009FC0CD /* Dostigator.xcdatamodeld */; };
		B4811D6325FFA139009FC0CD /* DostigatorTests.swift in Sources */ = {isa = PBXBuildFile; fileRef = B4811D6225FFA139009FC0CD /* DostigatorTests.swift */; };
		B4811D6E25FFA139009FC0CD /* DostigatorUITests.swift in Sources */ = {isa = PBXBuildFile; fileRef = B4811D6D25FFA139009FC0CD /* DostigatorUITests.swift */; };
/* End PBXBuildFile section */

/* Begin PBXContainerItemProxy section */
		B4811D5F25FFA139009FC0CD /* PBXContainerItemProxy */ = {
			isa = PBXContainerItemProxy;
			containerPortal = B4811D4025FFA135009FC0CD /* Project object */;
			proxyType = 1;
			remoteGlobalIDString = B4811D4725FFA135009FC0CD;
			remoteInfo = Dostigator;
		};
		B4811D6A25FFA139009FC0CD /* PBXContainerItemProxy */ = {
			isa = PBXContainerItemProxy;
			containerPortal = B4811D4025FFA135009FC0CD /* Project object */;
			proxyType = 1;
			remoteGlobalIDString = B4811D4725FFA135009FC0CD;
			remoteInfo = Dostigator;
		};
/* End PBXContainerItemProxy section */

/* Begin PBXFileReference section */
		B4811D4825FFA135009FC0CD /* Dostigator.app */ = {isa = PBXFileReference; explicitFileType = wrapper.application; includeInIndex = 0; path = Dostigator.app; sourceTree = BUILT_PRODUCTS_DIR; };
		B4811D4B25FFA135009FC0CD /* DostigatorApp.swift */ = {isa = PBXFileReference; lastKnownFileType = sourcecode.swift; path = DostigatorApp.swift; sourceTree = "<group>"; };
		B4811D4D25FFA135009FC0CD /* ContentView.swift */ = {isa = PBXFileReference; lastKnownFileType = sourcecode.swift; path = ContentView.swift; sourceTree = "<group>"; };
		B4811D4F25FFA138009FC0CD /* Assets.xcassets */ = {isa = PBXFileReference; lastKnownFileType = folder.assetcatalog; path = Assets.xcassets; sourceTree = "<group>"; };
		B4811D5225FFA139009FC0CD /* Preview Assets.xcassets */ = {isa = PBXFileReference; lastKnownFileType = folder.assetcatalog; path = "Preview Assets.xcassets"; sourceTree = "<group>"; };
		B4811D5425FFA139009FC0CD /* Persistence.swift */ = {isa = PBXFileReference; lastKnownFileType = sourcecode.swift; path = Persistence.swift; sourceTree = "<group>"; };
		B4811D5725FFA139009FC0CD /* Dostigator.xcdatamodel */ = {isa = PBXFileReference; lastKnownFileType = wrapper.xcdatamodel; path = Dostigator.xcdatamodel; sourceTree = "<group>"; };
		B4811D5925FFA139009FC0CD /* Info.plist */ = {isa = PBXFileReference; lastKnownFileType = text.plist.xml; path = Info.plist; sourceTree = "<group>"; };
		B4811D5E25FFA139009FC0CD /* DostigatorTests.xctest */ = {isa = PBXFileReference; explicitFileType = wrapper.cfbundle; includeInIndex = 0; path = DostigatorTests.xctest; sourceTree = BUILT_PRODUCTS_DIR; };
		B4811D6225FFA139009FC0CD /* DostigatorTests.swift */ = {isa = PBXFileReference; lastKnownFileType = sourcecode.swift; path = DostigatorTests.swift; sourceTree = "<group>"; };
		B4811D6425FFA139009FC0CD /* Info.plist */ = {isa = PBXFileReference; lastKnownFileType = text.plist.xml; path = Info.plist; sourceTree = "<group>"; };
		B4811D6925FFA139009FC0CD /* DostigatorUITests.xctest */ = {isa = PBXFileReference; explicitFileType = wrapper.cfbundle; includeInIndex = 0; path = DostigatorUITests.xctest; sourceTree = BUILT_PRODUCTS_DIR; };
		B4811D6D25FFA139009FC0CD /* DostigatorUITests.swift */ = {isa = PBXFileReference; lastKnownFileType = sourcecode.swift; path = DostigatorUITests.swift; sourceTree = "<group>"; };
		B4811D6F25FFA139009FC0CD /* Info.plist */ = {isa = PBXFileReference; lastKnownFileType = text.plist.xml; path = Info.plist; sourceTree = "<group>"; };
/* End PBXFileReference section */

/* Begin PBXFrameworksBuildPhase section */
		B4811D4525FFA135009FC0CD /* Frameworks */ = {
			isa = PBXFrameworksBuildPhase;
			buildActionMask = 2147483647;
			files = (
			);
			runOnlyForDeploymentPostprocessing = 0;
		};
		B4811D5B25FFA139009FC0CD /* Frameworks */ = {
			isa = PBXFrameworksBuildPhase;
			buildActionMask = 2147483647;
			files = (
			);
			runOnlyForDeploymentPostprocessing = 0;
		};
		B4811D6625FFA139009FC0CD /* Frameworks */ = {
			isa = PBXFrameworksBuildPhase;
			buildActionMask = 2147483647;
			files = (
			);
			runOnlyForDeploymentPostprocessing = 0;
		};
/* End PBXFrameworksBuildPhase section */

/* Begin PBXGroup section */
		B4811D3F25FFA135009FC0CD = {
			isa = PBXGroup;
			children = (
				B4811D4A25FFA135009FC0CD /* Dostigator */,
				B4811D6125FFA139009FC0CD /* DostigatorTests */,
				B4811D6C25FFA139009FC0CD /* DostigatorUITests */,
				B4811D4925FFA135009FC0CD /* Products */,
			);
			sourceTree = "<group>";
		};
		B4811D4925FFA135009FC0CD /* Products */ = {
			isa = PBXGroup;
			children = (
				B4811D4825FFA135009FC0CD /* Dostigator.app */,
				B4811D5E25FFA139009FC0CD /* DostigatorTests.xctest */,
				B4811D6925FFA139009FC0CD /* DostigatorUITests.xctest */,
			);
			name = Products;
			sourceTree = "<group>";
		};
		B4811D4A25FFA135009FC0CD /* Dostigator */ = {
			isa = PBXGroup;
			children = (
				B4811D4B25FFA135009FC0CD /* DostigatorApp.swift */,
				B4811D4D25FFA135009FC0CD /* ContentView.swift */,
				B4811D4F25FFA138009FC0CD /* Assets.xcassets */,
				B4811D5425FFA139009FC0CD /* Persistence.swift */,
				B4811D5925FFA139009FC0CD /* Info.plist */,
				B4811D5625FFA139009FC0CD /* Dostigator.xcdatamodeld */,
				B4811D5125FFA139009FC0CD /* Preview Content */,
			);
			path = Dostigator;
			sourceTree = "<group>";
		};
		B4811D5125FFA139009FC0CD /* Preview Content */ = {
			isa = PBXGroup;
			children = (
				B4811D5225FFA139009FC0CD /* Preview Assets.xcassets */,
			);
			path = "Preview Content";
			sourceTree = "<group>";
		};
		B4811D6125FFA139009FC0CD /* DostigatorTests */ = {
			isa = PBXGroup;
			children = (
				B4811D6225FFA139009FC0CD /* DostigatorTests.swift */,
				B4811D6425FFA139009FC0CD /* Info.plist */,
			);
			path = DostigatorTests;
			sourceTree = "<group>";
		};
		B4811D6C25FFA139009FC0CD /* DostigatorUITests */ = {
			isa = PBXGroup;
			children = (
				B4811D6D25FFA139009FC0CD /* DostigatorUITests.swift */,
				B4811D6F25FFA139009FC0CD /* Info.plist */,
			);
			path = DostigatorUITests;
			sourceTree = "<group>";
		};
/* End PBXGroup section */

/* Begin PBXNativeTarget section */
		B4811D4725FFA135009FC0CD /* Dostigator */ = {
			isa = PBXNativeTarget;
			buildConfigurationList = B4811D7225FFA139009FC0CD /* Build configuration list for PBXNativeTarget "Dostigator" */;
			buildPhases = (
				B4811D4425FFA135009FC0CD /* Sources */,
				B4811D4525FFA135009FC0CD /* Frameworks */,
				B4811D4625FFA135009FC0CD /* Resources */,
			);
			buildRules = (
			);
			dependencies = (
			);
			name = Dostigator;
			productName = Dostigator;
			productReference = B4811D4825FFA135009FC0CD /* Dostigator.app */;
			productType = "com.apple.product-type.application";
		};
		B4811D5D25FFA139009FC0CD /* DostigatorTests */ = {
			isa = PBXNativeTarget;
			buildConfigurationList = B4811D7525FFA139009FC0CD /* Build configuration list for PBXNativeTarget "DostigatorTests" */;
			buildPhases = (
				B4811D5A25FFA139009FC0CD /* Sources */,
				B4811D5B25FFA139009FC0CD /* Frameworks */,
				B4811D5C25FFA139009FC0CD /* Resources */,
			);
			buildRules = (
			);
			dependencies = (
				B4811D6025FFA139009FC0CD /* PBXTargetDependency */,
			);
			name = DostigatorTests;
			productName = DostigatorTests;
			productReference = B4811D5E25FFA139009FC0CD /* DostigatorTests.xctest */;
			productType = "com.apple.product-type.bundle.unit-test";
		};
		B4811D6825FFA139009FC0CD /* DostigatorUITests */ = {
			isa = PBXNativeTarget;
			buildConfigurationList = B4811D7825FFA139009FC0CD /* Build configuration list for PBXNativeTarget "DostigatorUITests" */;
			buildPhases = (
				B4811D6525FFA139009FC0CD /* Sources */,
				B4811D6625FFA139009FC0CD /* Frameworks */,
				B4811D6725FFA139009FC0CD /* Resources */,
			);
			buildRules = (
			);
			dependencies = (
				B4811D6B25FFA139009FC0CD /* PBXTargetDependency */,
			);
			name = DostigatorUITests;
			productName = DostigatorUITests;
			productReference = B4811D6925FFA139009FC0CD /* DostigatorUITests.xctest */;
			productType = "com.apple.product-type.bundle.ui-testing";
		};
/* End PBXNativeTarget section */

/* Begin PBXProject section */
		B4811D4025FFA135009FC0CD /* Project object */ = {
			isa = PBXProject;
			attributes = {
				LastSwiftUpdateCheck = 1240;
				LastUpgradeCheck = 1240;
				TargetAttributes = {
					B4811D4725FFA135009FC0CD = {
						CreatedOnToolsVersion = 12.4;
					};
					B4811D5D25FFA139009FC0CD = {
						CreatedOnToolsVersion = 12.4;
						TestTargetID = B4811D4725FFA135009FC0CD;
					};
					B4811D6825FFA139009FC0CD = {
						CreatedOnToolsVersion = 12.4;
						TestTargetID = B4811D4725FFA135009FC0CD;
					};
				};
			};
			buildConfigurationList = B4811D4325FFA135009FC0CD /* Build configuration list for PBXProject "Dostigator" */;
			compatibilityVersion = "Xcode 9.3";
			developmentRegion = en;
			hasScannedForEncodings = 0;
			knownRegions = (
				en,
				Base,
			);
			mainGroup = B4811D3F25FFA135009FC0CD;
			productRefGroup = B4811D4925FFA135009FC0CD /* Products */;
			projectDirPath = "";
			projectRoot = "";
			targets = (
				B4811D4725FFA135009FC0CD /* Dostigator */,
				B4811D5D25FFA139009FC0CD /* DostigatorTests */,
				B4811D6825FFA139009FC0CD /* DostigatorUITests */,
			);
		};
/* End PBXProject section */

/* Begin PBXResourcesBuildPhase section */
		B4811D4625FFA135009FC0CD /* Resources */ = {
			isa = PBXResourcesBuildPhase;
			buildActionMask = 2147483647;
			files = (
				B4811D5325FFA139009FC0CD /* Preview Assets.xcassets in Resources */,
				B4811D5025FFA138009FC0CD /* Assets.xcassets in Resources */,
			);
			runOnlyForDeploymentPostprocessing = 0;
		};
		B4811D5C25FFA139009FC0CD /* Resources */ = {
			isa = PBXResourcesBuildPhase;
			buildActionMask = 2147483647;
			files = (
			);
			runOnlyForDeploymentPostprocessing = 0;
		};
		B4811D6725FFA139009FC0CD /* Resources */ = {
			isa = PBXResourcesBuildPhase;
			buildActionMask = 2147483647;
			files = (
			);
			runOnlyForDeploymentPostprocessing = 0;
		};
/* End PBXResourcesBuildPhase section */

/* Begin PBXSourcesBuildPhase section */
		B4811D4425FFA135009FC0CD /* Sources */ = {
			isa = PBXSourcesBuildPhase;
			buildActionMask = 2147483647;
			files = (
				B4811D5525FFA139009FC0CD /* Persistence.swift in Sources */,
				B4811D4E25FFA135009FC0CD /* ContentView.swift in Sources */,
				B4811D4C25FFA135009FC0CD /* DostigatorApp.swift in Sources */,
				B4811D5825FFA139009FC0CD /* Dostigator.xcdatamodeld in Sources */,
			);
			runOnlyForDeploymentPostprocessing = 0;
		};
		B4811D5A25FFA139009FC0CD /* Sources */ = {
			isa = PBXSourcesBuildPhase;
			buildActionMask = 2147483647;
			files = (
				B4811D6325FFA139009FC0CD /* DostigatorTests.swift in Sources */,
			);
			runOnlyForDeploymentPostprocessing = 0;
		};
		B4811D6525FFA139009FC0CD /* Sources */ = {
			isa = PBXSourcesBuildPhase;
			buildActionMask = 2147483647;
			files = (
				B4811D6E25FFA139009FC0CD /* DostigatorUITests.swift in Sources */,
			);
			runOnlyForDeploymentPostprocessing = 0;
		};
/* End PBXSourcesBuildPhase section */

/* Begin PBXTargetDependency section */
		B4811D6025FFA139009FC0CD /* PBXTargetDependency */ = {
			isa = PBXTargetDependency;
			target = B4811D4725FFA135009FC0CD /* Dostigator */;
			targetProxy = B4811D5F25FFA139009FC0CD /* PBXContainerItemProxy */;
		};
		B4811D6B25FFA139009FC0CD /* PBXTargetDependency */ = {
			isa = PBXTargetDependency;
			target = B4811D4725FFA135009FC0CD /* Dostigator */;
			targetProxy = B4811D6A25FFA139009FC0CD /* PBXContainerItemProxy */;
		};
/* End PBXTargetDependency section */

/* Begin XCBuildConfiguration section */
		B4811D7025FFA139009FC0CD /* Debug */ = {
			isa = XCBuildConfiguration;
			buildSettings = {
				ALWAYS_SEARCH_USER_PATHS = NO;
				CLANG_ANALYZER_NONNULL = YES;
				CLANG_ANALYZER_NUMBER_OBJECT_CONVERSION = YES_AGGRESSIVE;
				CLANG_CXX_LANGUAGE_STANDARD = "gnu++14";
				CLANG_CXX_LIBRARY = "libc++";
				CLANG_ENABLE_MODULES = YES;
				CLANG_ENABLE_OBJC_ARC = YES;
				CLANG_ENABLE_OBJC_WEAK = YES;
				CLANG_WARN_BLOCK_CAPTURE_AUTORELEASING = YES;
				CLANG_WARN_BOOL_CONVERSION = YES;
				CLANG_WARN_COMMA = YES;
				CLANG_WARN_CONSTANT_CONVERSION = YES;
				CLANG_WARN_DEPRECATED_OBJC_IMPLEMENTATIONS = YES;
				CLANG_WARN_DIRECT_OBJC_ISA_USAGE = YES_ERROR;
				CLANG_WARN_DOCUMENTATION_COMMENTS = YES;
				CLANG_WARN_EMPTY_BODY = YES;
				CLANG_WARN_ENUM_CONVERSION = YES;
				CLANG_WARN_INFINITE_RECURSION = YES;
				CLANG_WARN_INT_CONVERSION = YES;
				CLANG_WARN_NON_LITERAL_NULL_CONVERSION = YES;
				CLANG_WARN_OBJC_IMPLICIT_RETAIN_SELF = YES;
				CLANG_WARN_OBJC_LITERAL_CONVERSION = YES;
				CLANG_WARN_OBJC_ROOT_CLASS = YES_ERROR;
				CLANG_WARN_QUOTED_INCLUDE_IN_FRAMEWORK_HEADER = YES;
				CLANG_WARN_RANGE_LOOP_ANALYSIS = YES;
				CLANG_WARN_STRICT_PROTOTYPES = YES;
				CLANG_WARN_SUSPICIOUS_MOVE = YES;
				CLANG_WARN_UNGUARDED_AVAILABILITY = YES_AGGRESSIVE;
				CLANG_WARN_UNREACHABLE_CODE = YES;
				CLANG_WARN__DUPLICATE_METHOD_MATCH = YES;
				COPY_PHASE_STRIP = NO;
				DEBUG_INFORMATION_FORMAT = dwarf;
				ENABLE_STRICT_OBJC_MSGSEND = YES;
				ENABLE_TESTABILITY = YES;
				GCC_C_LANGUAGE_STANDARD = gnu11;
				GCC_DYNAMIC_NO_PIC = NO;
				GCC_NO_COMMON_BLOCKS = YES;
				GCC_OPTIMIZATION_LEVEL = 0;
				GCC_PREPROCESSOR_DEFINITIONS = (
					"DEBUG=1",
					"$(inherited)",
				);
				GCC_WARN_64_TO_32_BIT_CONVERSION = YES;
				GCC_WARN_ABOUT_RETURN_TYPE = YES_ERROR;
				GCC_WARN_UNDECLARED_SELECTOR = YES;
				GCC_WARN_UNINITIALIZED_AUTOS = YES_AGGRESSIVE;
				GCC_WARN_UNUSED_FUNCTION = YES;
				GCC_WARN_UNUSED_VARIABLE = YES;
				IPHONEOS_DEPLOYMENT_TARGET = 14.4;
				MTL_ENABLE_DEBUG_INFO = INCLUDE_SOURCE;
				MTL_FAST_MATH = YES;
				ONLY_ACTIVE_ARCH = YES;
				SDKROOT = iphoneos;
				SWIFT_ACTIVE_COMPILATION_CONDITIONS = DEBUG;
				SWIFT_OPTIMIZATION_LEVEL = "-Onone";
			};
			name = Debug;
		};
		B4811D7125FFA139009FC0CD /* Release */ = {
			isa = XCBuildConfiguration;
			buildSettings = {
				ALWAYS_SEARCH_USER_PATHS = NO;
				CLANG_ANALYZER_NONNULL = YES;
				CLANG_ANALYZER_NUMBER_OBJECT_CONVERSION = YES_AGGRESSIVE;
				CLANG_CXX_LANGUAGE_STANDARD = "gnu++14";
				CLANG_CXX_LIBRARY = "libc++";
				CLANG_ENABLE_MODULES = YES;
				CLANG_ENABLE_OBJC_ARC = YES;
				CLANG_ENABLE_OBJC_WEAK = YES;
				CLANG_WARN_BLOCK_CAPTURE_AUTORELEASING = YES;
				CLANG_WARN_BOOL_CONVERSION = YES;
				CLANG_WARN_COMMA = YES;
				CLANG_WARN_CONSTANT_CONVERSION = YES;
				CLANG_WARN_DEPRECATED_OBJC_IMPLEMENTATIONS = YES;
				CLANG_WARN_DIRECT_OBJC_ISA_USAGE = YES_ERROR;
				CLANG_WARN_DOCUMENTATION_COMMENTS = YES;
				CLANG_WARN_EMPTY_BODY = YES;
				CLANG_WARN_ENUM_CONVERSION = YES;
				CLANG_WARN_INFINITE_RECURSION = YES;
				CLANG_WARN_INT_CONVERSION = YES;
				CLANG_WARN_NON_LITERAL_NULL_CONVERSION = YES;
				CLANG_WARN_OBJC_IMPLICIT_RETAIN_SELF = YES;
				CLANG_WARN_OBJC_LITERAL_CONVERSION = YES;
				CLANG_WARN_OBJC_ROOT_CLASS = YES_ERROR;
				CLANG_WARN_QUOTED_INCLUDE_IN_FRAMEWORK_HEADER = YES;
				CLANG_WARN_RANGE_LOOP_ANALYSIS = YES;
				CLANG_WARN_STRICT_PROTOTYPES = YES;
				CLANG_WARN_SUSPICIOUS_MOVE = YES;
				CLANG_WARN_UNGUARDED_AVAILABILITY = YES_AGGRESSIVE;
				CLANG_WARN_UNREACHABLE_CODE = YES;
				CLANG_WARN__DUPLICATE_METHOD_MATCH = YES;
				COPY_PHASE_STRIP = NO;
				DEBUG_INFORMATION_FORMAT = "dwarf-with-dsym";
				ENABLE_NS_ASSERTIONS = NO;
				ENABLE_STRICT_OBJC_MSGSEND = YES;
				GCC_C_LANGUAGE_STANDARD = gnu11;
				GCC_NO_COMMON_BLOCKS = YES;
				GCC_WARN_64_TO_32_BIT_CONVERSION = YES;
				GCC_WARN_ABOUT_RETURN_TYPE = YES_ERROR;
				GCC_WARN_UNDECLARED_SELECTOR = YES;
				GCC_WARN_UNINITIALIZED_AUTOS = YES_AGGRESSIVE;
				GCC_WARN_UNUSED_FUNCTION = YES;
				GCC_WARN_UNUSED_VARIABLE = YES;
				IPHONEOS_DEPLOYMENT_TARGET = 14.4;
				MTL_ENABLE_DEBUG_INFO = NO;
				MTL_FAST_MATH = YES;
				SDKROOT = iphoneos;
				SWIFT_COMPILATION_MODE = wholemodule;
				SWIFT_OPTIMIZATION_LEVEL = "-O";
				VALIDATE_PRODUCT = YES;
			};
			name = Release;
		};
		B4811D7325FFA139009FC0CD /* Debug */ = {
			isa = XCBuildConfiguration;
			buildSettings = {
				ASSETCATALOG_COMPILER_APPICON_NAME = AppIcon;
				ASSETCATALOG_COMPILER_GLOBAL_ACCENT_COLOR_NAME = AccentColor;
				CODE_SIGN_STYLE = Automatic;
				DEVELOPMENT_ASSET_PATHS = "\"Dostigator/Preview Content\"";
				DEVELOPMENT_TEAM = Z8JVJD6M2F;
				ENABLE_PREVIEWS = YES;
				INFOPLIST_FILE = Dostigator/Info.plist;
				IPHONEOS_DEPLOYMENT_TARGET = 14.0;
				LD_RUNPATH_SEARCH_PATHS = (
					"$(inherited)",
					"@executable_path/Frameworks",
				);
				PRODUCT_BUNDLE_IDENTIFIER = com.lammax.ios.projects.Dostigator;
				PRODUCT_NAME = "$(TARGET_NAME)";
				SWIFT_VERSION = 5.0;
				TARGETED_DEVICE_FAMILY = "1,2";
			};
			name = Debug;
		};
		B4811D7425FFA139009FC0CD /* Release */ = {
			isa = XCBuildConfiguration;
			buildSettings = {
				ASSETCATALOG_COMPILER_APPICON_NAME = AppIcon;
				ASSETCATALOG_COMPILER_GLOBAL_ACCENT_COLOR_NAME = AccentColor;
				CODE_SIGN_STYLE = Automatic;
				DEVELOPMENT_ASSET_PATHS = "\"Dostigator/Preview Content\"";
				DEVELOPMENT_TEAM = Z8JVJD6M2F;
				ENABLE_PREVIEWS = YES;
				INFOPLIST_FILE = Dostigator/Info.plist;
				IPHONEOS_DEPLOYMENT_TARGET = 14.0;
				LD_RUNPATH_SEARCH_PATHS = (
					"$(inherited)",
					"@executable_path/Frameworks",
				);
				PRODUCT_BUNDLE_IDENTIFIER = com.lammax.ios.projects.Dostigator;
				PRODUCT_NAME = "$(TARGET_NAME)";
				SWIFT_VERSION = 5.0;
				TARGETED_DEVICE_FAMILY = "1,2";
			};
			name = Release;
		};
		B4811D7625FFA139009FC0CD /* Debug */ = {
			isa = XCBuildConfiguration;
			buildSettings = {
				ALWAYS_EMBED_SWIFT_STANDARD_LIBRARIES = YES;
				BUNDLE_LOADER = "$(TEST_HOST)";
				CODE_SIGN_STYLE = Automatic;
				DEVELOPMENT_TEAM = Z8JVJD6M2F;
				INFOPLIST_FILE = DostigatorTests/Info.plist;
				IPHONEOS_DEPLOYMENT_TARGET = 14.0;
				LD_RUNPATH_SEARCH_PATHS = (
					"$(inherited)",
					"@executable_path/Frameworks",
					"@loader_path/Frameworks",
				);
				PRODUCT_BUNDLE_IDENTIFIER = com.lammax.ios.projects.DostigatorTests;
				PRODUCT_NAME = "$(TARGET_NAME)";
				SWIFT_VERSION = 5.0;
				TARGETED_DEVICE_FAMILY = "1,2";
				TEST_HOST = "$(BUILT_PRODUCTS_DIR)/Dostigator.app/Dostigator";
			};
			name = Debug;
		};
		B4811D7725FFA139009FC0CD /* Release */ = {
			isa = XCBuildConfiguration;
			buildSettings = {
				ALWAYS_EMBED_SWIFT_STANDARD_LIBRARIES = YES;
				BUNDLE_LOADER = "$(TEST_HOST)";
				CODE_SIGN_STYLE = Automatic;
				DEVELOPMENT_TEAM = Z8JVJD6M2F;
				INFOPLIST_FILE = DostigatorTests/Info.plist;
				IPHONEOS_DEPLOYMENT_TARGET = 14.0;
				LD_RUNPATH_SEARCH_PATHS = (
					"$(inherited)",
					"@executable_path/Frameworks",
					"@loader_path/Frameworks",
				);
				PRODUCT_BUNDLE_IDENTIFIER = com.lammax.ios.projects.DostigatorTests;
				PRODUCT_NAME = "$(TARGET_NAME)";
				SWIFT_VERSION = 5.0;
				TARGETED_DEVICE_FAMILY = "1,2";
				TEST_HOST = "$(BUILT_PRODUCTS_DIR)/Dostigator.app/Dostigator";
			};
			name = Release;
		};
		B4811D7925FFA139009FC0CD /* Debug */ = {
			isa = XCBuildConfiguration;
			buildSettings = {
				ALWAYS_EMBED_SWIFT_STANDARD_LIBRARIES = YES;
				CODE_SIGN_STYLE = Automatic;
				DEVELOPMENT_TEAM = Z8JVJD6M2F;
				INFOPLIST_FILE = DostigatorUITests/Info.plist;
				LD_RUNPATH_SEARCH_PATHS = (
					"$(inherited)",
					"@executable_path/Frameworks",
					"@loader_path/Frameworks",
				);
				PRODUCT_BUNDLE_IDENTIFIER = com.lammax.ios.projects.DostigatorUITests;
				PRODUCT_NAME = "$(TARGET_NAME)";
				SWIFT_VERSION = 5.0;
				TARGETED_DEVICE_FAMILY = "1,2";
				TEST_TARGET_NAME = Dostigator;
			};
			name = Debug;
		};
		B4811D7A25FFA139009FC0CD /* Release */ = {
			isa = XCBuildConfiguration;
			buildSettings = {
				ALWAYS_EMBED_SWIFT_STANDARD_LIBRARIES = YES;
				CODE_SIGN_STYLE = Automatic;
				DEVELOPMENT_TEAM = Z8JVJD6M2F;
				INFOPLIST_FILE = DostigatorUITests/Info.plist;
				LD_RUNPATH_SEARCH_PATHS = (
					"$(inherited)",
					"@executable_path/Frameworks",
					"@loader_path/Frameworks",
				);
				PRODUCT_BUNDLE_IDENTIFIER = com.lammax.ios.projects.DostigatorUITests;
				PRODUCT_NAME = "$(TARGET_NAME)";
				SWIFT_VERSION = 5.0;
				TARGETED_DEVICE_FAMILY = "1,2";
				TEST_TARGET_NAME = Dostigator;
			};
			name = Release;
		};
/* End XCBuildConfiguration section */

/* Begin XCConfigurationList section */
		B4811D4325FFA135009FC0CD /* Build configuration list for PBXProject "Dostigator" */ = {
			isa = XCConfigurationList;
			buildConfigurations = (
				B4811D7025FFA139009FC0CD /* Debug */,
				B4811D7125FFA139009FC0CD /* Release */,
			);
			defaultConfigurationIsVisible = 0;
			defaultConfigurationName = Release;
		};
		B4811D7225FFA139009FC0CD /* Build configuration list for PBXNativeTarget "Dostigator" */ = {
			isa = XCConfigurationList;
			buildConfigurations = (
				B4811D7325FFA139009FC0CD /* Debug */,
				B4811D7425FFA139009FC0CD /* Release */,
			);
			defaultConfigurationIsVisible = 0;
			defaultConfigurationName = Release;
		};
		B4811D7525FFA139009FC0CD /* Build configuration list for PBXNativeTarget "DostigatorTests" */ = {
			isa = XCConfigurationList;
			buildConfigurations = (
				B4811D7625FFA139009FC0CD /* Debug */,
				B4811D7725FFA139009FC0CD /* Release */,
			);
			defaultConfigurationIsVisible = 0;
			defaultConfigurationName = Release;
		};
		B4811D7825FFA139009FC0CD /* Build configuration list for PBXNativeTarget "DostigatorUITests" */ = {
			isa = XCConfigurationList;
			buildConfigurations = (
				B4811D7925FFA139009FC0CD /* Debug */,
				B4811D7A25FFA139009FC0CD /* Release */,
			);
			defaultConfigurationIsVisible = 0;
			defaultConfigurationName = Release;
		};
/* End XCConfigurationList section */

/* Begin XCVersionGroup section */
		B4811D5625FFA139009FC0CD /* Dostigator.xcdatamodeld */ = {
			isa = XCVersionGroup;
			children = (
				B4811D5725FFA139009FC0CD /* Dostigator.xcdatamodel */,
			);
			currentVersion = B4811D5725FFA139009FC0CD /* Dostigator.xcdatamodel */;
			path = Dostigator.xcdatamodeld;
			sourceTree = "<group>";
			versionGroupType = wrapper.xcdatamodel;
		};
/* End XCVersionGroup section */
	};
	rootObject = B4811D4025FFA135009FC0CD /* Project object */;
}
